
Microsoft Visual Studio Solution File, Format Version 12.00
# Visual Studio Version 17
VisualStudioVersion = 17.0.31903.59
MinimumVisualStudioVersion = 10.0.40219.1
Project("{FAE04EC0-301F-11D3-BF4B-00C04F79EFBC}") = "FC.Engine.Domain", "src\FC.Engine.Domain\FC.Engine.Domain.csproj", "{A1B2C3D4-1111-1111-1111-000000000001}"
EndProject
Project("{FAE04EC0-301F-11D3-BF4B-00C04F79EFBC}") = "FC.Engine.Application", "src\FC.Engine.Application\FC.Engine.Application.csproj", "{A1B2C3D4-2222-2222-2222-000000000002}"
EndProject
Project("{FAE04EC0-301F-11D3-BF4B-00C04F79EFBC}") = "FC.Engine.Infrastructure", "src\FC.Engine.Infrastructure\FC.Engine.Infrastructure.csproj", "{A1B2C3D4-3333-3333-3333-000000000003}"
EndProject
Project("{FAE04EC0-301F-11D3-BF4B-00C04F79EFBC}") = "FC.Engine.Api", "src\FC.Engine.Api\FC.Engine.Api.csproj", "{A1B2C3D4-4444-4444-4444-000000000004}"
EndProject
Project("{FAE04EC0-301F-11D3-BF4B-00C04F79EFBC}") = "FC.Engine.Admin", "src\FC.Engine.Admin\FC.Engine.Admin.csproj", "{A1B2C3D4-9999-9999-9999-000000000009}"
EndProject
Project("{FAE04EC0-301F-11D3-BF4B-00C04F79EFBC}") = "FC.Engine.Migrator", "src\FC.Engine.Migrator\FC.Engine.Migrator.csproj", "{A1B2C3D4-5555-5555-5555-000000000005}"
EndProject
Project("{FAE04EC0-301F-11D3-BF4B-00C04F79EFBC}") = "FC.Engine.Domain.Tests", "tests\FC.Engine.Domain.Tests\FC.Engine.Domain.Tests.csproj", "{A1B2C3D4-6666-6666-6666-000000000006}"
EndProject
Project("{FAE04EC0-301F-11D3-BF4B-00C04F79EFBC}") = "FC.Engine.Infrastructure.Tests", "tests\FC.Engine.Infrastructure.Tests\FC.Engine.Infrastructure.Tests.csproj", "{A1B2C3D4-7777-7777-7777-000000000007}"
EndProject
Project("{FAE04EC0-301F-11D3-BF4B-00C04F79EFBC}") = "FC.Engine.Integration.Tests", "tests\FC.Engine.Integration.Tests\FC.Engine.Integration.Tests.csproj", "{A1B2C3D4-8888-8888-8888-000000000008}"
EndProject
Project("{2150E333-8FDC-42A3-9474-1A3956D46DE8}") = "src", "src", "{E1E2E3E4-0001-0001-0001-000000000001}"
EndProject
Project("{2150E333-8FDC-42A3-9474-1A3956D46DE8}") = "tests", "tests", "{E1E2E3E4-0002-0002-0002-000000000002}"
EndProject
Project("{FAE04EC0-301F-11D3-BF4B-00C04F79EFBC}") = "FC.Engine.Portal", "src\FC.Engine.Portal\FC.Engine.Portal.csproj", "{ECFBD238-49DE-4B7C-A81F-26B3FA973E5A}"
EndProject
Project("{FAE04EC0-301F-11D3-BF4B-00C04F79EFBC}") = "FC.Engine.Regulator", "src\FC.Engine.Regulator\FC.Engine.Regulator.csproj", "{2324078D-4E82-41C9-829B-2758FD3503E6}"
EndProject
Global
	GlobalSection(SolutionConfigurationPlatforms) = preSolution
		Debug|Any CPU = Debug|Any CPU
		Debug|x64 = Debug|x64
		Debug|x86 = Debug|x86
		Release|Any CPU = Release|Any CPU
		Release|x64 = Release|x64
		Release|x86 = Release|x86
	EndGlobalSection
	GlobalSection(ProjectConfigurationPlatforms) = postSolution
		{A1B2C3D4-1111-1111-1111-000000000001}.Debug|Any CPU.ActiveCfg = Debug|Any CPU
		{A1B2C3D4-1111-1111-1111-000000000001}.Debug|Any CPU.Build.0 = Debug|Any CPU
		{A1B2C3D4-1111-1111-1111-000000000001}.Debug|x64.ActiveCfg = Debug|Any CPU
		{A1B2C3D4-1111-1111-1111-000000000001}.Debug|x64.Build.0 = Debug|Any CPU
		{A1B2C3D4-1111-1111-1111-000000000001}.Debug|x86.ActiveCfg = Debug|Any CPU
		{A1B2C3D4-1111-1111-1111-000000000001}.Debug|x86.Build.0 = Debug|Any CPU
		{A1B2C3D4-1111-1111-1111-000000000001}.Release|Any CPU.ActiveCfg = Release|Any CPU
		{A1B2C3D4-1111-1111-1111-000000000001}.Release|Any CPU.Build.0 = Release|Any CPU
		{A1B2C3D4-1111-1111-1111-000000000001}.Release|x64.ActiveCfg = Release|Any CPU
		{A1B2C3D4-1111-1111-1111-000000000001}.Release|x64.Build.0 = Release|Any CPU
		{A1B2C3D4-1111-1111-1111-000000000001}.Release|x86.ActiveCfg = Release|Any CPU
		{A1B2C3D4-1111-1111-1111-000000000001}.Release|x86.Build.0 = Release|Any CPU
		{A1B2C3D4-2222-2222-2222-000000000002}.Debug|Any CPU.ActiveCfg = Debug|Any CPU
		{A1B2C3D4-2222-2222-2222-000000000002}.Debug|Any CPU.Build.0 = Debug|Any CPU
		{A1B2C3D4-2222-2222-2222-000000000002}.Debug|x64.ActiveCfg = Debug|Any CPU
		{A1B2C3D4-2222-2222-2222-000000000002}.Debug|x64.Build.0 = Debug|Any CPU
		{A1B2C3D4-2222-2222-2222-000000000002}.Debug|x86.ActiveCfg = Debug|Any CPU
		{A1B2C3D4-2222-2222-2222-000000000002}.Debug|x86.Build.0 = Debug|Any CPU
		{A1B2C3D4-2222-2222-2222-000000000002}.Release|Any CPU.ActiveCfg = Release|Any CPU
		{A1B2C3D4-2222-2222-2222-000000000002}.Release|Any CPU.Build.0 = Release|Any CPU
		{A1B2C3D4-2222-2222-2222-000000000002}.Release|x64.ActiveCfg = Release|Any CPU
		{A1B2C3D4-2222-2222-2222-000000000002}.Release|x64.Build.0 = Release|Any CPU
		{A1B2C3D4-2222-2222-2222-000000000002}.Release|x86.ActiveCfg = Release|Any CPU
		{A1B2C3D4-2222-2222-2222-000000000002}.Release|x86.Build.0 = Release|Any CPU
		{A1B2C3D4-3333-3333-3333-000000000003}.Debug|Any CPU.ActiveCfg = Debug|Any CPU
		{A1B2C3D4-3333-3333-3333-000000000003}.Debug|Any CPU.Build.0 = Debug|Any CPU
		{A1B2C3D4-3333-3333-3333-000000000003}.Debug|x64.ActiveCfg = Debug|Any CPU
		{A1B2C3D4-3333-3333-3333-000000000003}.Debug|x64.Build.0 = Debug|Any CPU
		{A1B2C3D4-3333-3333-3333-000000000003}.Debug|x86.ActiveCfg = Debug|Any CPU
		{A1B2C3D4-3333-3333-3333-000000000003}.Debug|x86.Build.0 = Debug|Any CPU
		{A1B2C3D4-3333-3333-3333-000000000003}.Release|Any CPU.ActiveCfg = Release|Any CPU
		{A1B2C3D4-3333-3333-3333-000000000003}.Release|Any CPU.Build.0 = Release|Any CPU
		{A1B2C3D4-3333-3333-3333-000000000003}.Release|x64.ActiveCfg = Release|Any CPU
		{A1B2C3D4-3333-3333-3333-000000000003}.Release|x64.Build.0 = Release|Any CPU
		{A1B2C3D4-3333-3333-3333-000000000003}.Release|x86.ActiveCfg = Release|Any CPU
		{A1B2C3D4-3333-3333-3333-000000000003}.Release|x86.Build.0 = Release|Any CPU
		{A1B2C3D4-4444-4444-4444-000000000004}.Debug|Any CPU.ActiveCfg = Debug|Any CPU
		{A1B2C3D4-4444-4444-4444-000000000004}.Debug|Any CPU.Build.0 = Debug|Any CPU
		{A1B2C3D4-4444-4444-4444-000000000004}.Debug|x64.ActiveCfg = Debug|Any CPU
		{A1B2C3D4-4444-4444-4444-000000000004}.Debug|x64.Build.0 = Debug|Any CPU
		{A1B2C3D4-4444-4444-4444-000000000004}.Debug|x86.ActiveCfg = Debug|Any CPU
		{A1B2C3D4-4444-4444-4444-000000000004}.Debug|x86.Build.0 = Debug|Any CPU
		{A1B2C3D4-4444-4444-4444-000000000004}.Release|Any CPU.ActiveCfg = Release|Any CPU
		{A1B2C3D4-4444-4444-4444-000000000004}.Release|Any CPU.Build.0 = Release|Any CPU
		{A1B2C3D4-4444-4444-4444-000000000004}.Release|x64.ActiveCfg = Release|Any CPU
		{A1B2C3D4-4444-4444-4444-000000000004}.Release|x64.Build.0 = Release|Any CPU
		{A1B2C3D4-4444-4444-4444-000000000004}.Release|x86.ActiveCfg = Release|Any CPU
		{A1B2C3D4-4444-4444-4444-000000000004}.Release|x86.Build.0 = Release|Any CPU
		{A1B2C3D4-9999-9999-9999-000000000009}.Debug|Any CPU.ActiveCfg = Debug|Any CPU
		{A1B2C3D4-9999-9999-9999-000000000009}.Debug|Any CPU.Build.0 = Debug|Any CPU
		{A1B2C3D4-9999-9999-9999-000000000009}.Debug|x64.ActiveCfg = Debug|Any CPU
		{A1B2C3D4-9999-9999-9999-000000000009}.Debug|x64.Build.0 = Debug|Any CPU
		{A1B2C3D4-9999-9999-9999-000000000009}.Debug|x86.ActiveCfg = Debug|Any CPU
		{A1B2C3D4-9999-9999-9999-000000000009}.Debug|x86.Build.0 = Debug|Any CPU
		{A1B2C3D4-9999-9999-9999-000000000009}.Release|Any CPU.ActiveCfg = Release|Any CPU
		{A1B2C3D4-9999-9999-9999-000000000009}.Release|Any CPU.Build.0 = Release|Any CPU
		{A1B2C3D4-9999-9999-9999-000000000009}.Release|x64.ActiveCfg = Release|Any CPU
		{A1B2C3D4-9999-9999-9999-000000000009}.Release|x64.Build.0 = Release|Any CPU
		{A1B2C3D4-9999-9999-9999-000000000009}.Release|x86.ActiveCfg = Release|Any CPU
		{A1B2C3D4-9999-9999-9999-000000000009}.Release|x86.Build.0 = Release|Any CPU
		{A1B2C3D4-5555-5555-5555-000000000005}.Debug|Any CPU.ActiveCfg = Debug|Any CPU
		{A1B2C3D4-5555-5555-5555-000000000005}.Debug|Any CPU.Build.0 = Debug|Any CPU
		{A1B2C3D4-5555-5555-5555-000000000005}.Debug|x64.ActiveCfg = Debug|Any CPU
		{A1B2C3D4-5555-5555-5555-000000000005}.Debug|x64.Build.0 = Debug|Any CPU
		{A1B2C3D4-5555-5555-5555-000000000005}.Debug|x86.ActiveCfg = Debug|Any CPU
		{A1B2C3D4-5555-5555-5555-000000000005}.Debug|x86.Build.0 = Debug|Any CPU
		{A1B2C3D4-5555-5555-5555-000000000005}.Release|Any CPU.ActiveCfg = Release|Any CPU
		{A1B2C3D4-5555-5555-5555-000000000005}.Release|Any CPU.Build.0 = Release|Any CPU
		{A1B2C3D4-5555-5555-5555-000000000005}.Release|x64.ActiveCfg = Release|Any CPU
		{A1B2C3D4-5555-5555-5555-000000000005}.Release|x64.Build.0 = Release|Any CPU
		{A1B2C3D4-5555-5555-5555-000000000005}.Release|x86.ActiveCfg = Release|Any CPU
		{A1B2C3D4-5555-5555-5555-000000000005}.Release|x86.Build.0 = Release|Any CPU
		{A1B2C3D4-6666-6666-6666-000000000006}.Debug|Any CPU.ActiveCfg = Debug|Any CPU
		{A1B2C3D4-6666-6666-6666-000000000006}.Debug|Any CPU.Build.0 = Debug|Any CPU
		{A1B2C3D4-6666-6666-6666-000000000006}.Debug|x64.ActiveCfg = Debug|Any CPU
		{A1B2C3D4-6666-6666-6666-000000000006}.Debug|x64.Build.0 = Debug|Any CPU
		{A1B2C3D4-6666-6666-6666-000000000006}.Debug|x86.ActiveCfg = Debug|Any CPU
		{A1B2C3D4-6666-6666-6666-000000000006}.Debug|x86.Build.0 = Debug|Any CPU
		{A1B2C3D4-6666-6666-6666-000000000006}.Release|Any CPU.ActiveCfg = Release|Any CPU
		{A1B2C3D4-6666-6666-6666-000000000006}.Release|Any CPU.Build.0 = Release|Any CPU
		{A1B2C3D4-6666-6666-6666-000000000006}.Release|x64.ActiveCfg = Release|Any CPU
		{A1B2C3D4-6666-6666-6666-000000000006}.Release|x64.Build.0 = Release|Any CPU
		{A1B2C3D4-6666-6666-6666-000000000006}.Release|x86.ActiveCfg = Release|Any CPU
		{A1B2C3D4-6666-6666-6666-000000000006}.Release|x86.Build.0 = Release|Any CPU
		{A1B2C3D4-7777-7777-7777-000000000007}.Debug|Any CPU.ActiveCfg = Debug|Any CPU
		{A1B2C3D4-7777-7777-7777-000000000007}.Debug|Any CPU.Build.0 = Debug|Any CPU
		{A1B2C3D4-7777-7777-7777-000000000007}.Debug|x64.ActiveCfg = Debug|Any CPU
		{A1B2C3D4-7777-7777-7777-000000000007}.Debug|x64.Build.0 = Debug|Any CPU
		{A1B2C3D4-7777-7777-7777-000000000007}.Debug|x86.ActiveCfg = Debug|Any CPU
		{A1B2C3D4-7777-7777-7777-000000000007}.Debug|x86.Build.0 = Debug|Any CPU
		{A1B2C3D4-7777-7777-7777-000000000007}.Release|Any CPU.ActiveCfg = Release|Any CPU
		{A1B2C3D4-7777-7777-7777-000000000007}.Release|Any CPU.Build.0 = Release|Any CPU
		{A1B2C3D4-7777-7777-7777-000000000007}.Release|x64.ActiveCfg = Release|Any CPU
		{A1B2C3D4-7777-7777-7777-000000000007}.Release|x64.Build.0 = Release|Any CPU
		{A1B2C3D4-7777-7777-7777-000000000007}.Release|x86.ActiveCfg = Release|Any CPU
		{A1B2C3D4-7777-7777-7777-000000000007}.Release|x86.Build.0 = Release|Any CPU
		{A1B2C3D4-8888-8888-8888-000000000008}.Debug|Any CPU.ActiveCfg = Debug|Any CPU
		{A1B2C3D4-8888-8888-8888-000000000008}.Debug|Any CPU.Build.0 = Debug|Any CPU
		{A1B2C3D4-8888-8888-8888-000000000008}.Debug|x64.ActiveCfg = Debug|Any CPU
		{A1B2C3D4-8888-8888-8888-000000000008}.Debug|x64.Build.0 = Debug|Any CPU
		{A1B2C3D4-8888-8888-8888-000000000008}.Debug|x86.ActiveCfg = Debug|Any CPU
		{A1B2C3D4-8888-8888-8888-000000000008}.Debug|x86.Build.0 = Debug|Any CPU
		{A1B2C3D4-8888-8888-8888-000000000008}.Release|Any CPU.ActiveCfg = Release|Any CPU
		{A1B2C3D4-8888-8888-8888-000000000008}.Release|Any CPU.Build.0 = Release|Any CPU
		{A1B2C3D4-8888-8888-8888-000000000008}.Release|x64.ActiveCfg = Release|Any CPU
		{A1B2C3D4-8888-8888-8888-000000000008}.Release|x64.Build.0 = Release|Any CPU
		{A1B2C3D4-8888-8888-8888-000000000008}.Release|x86.ActiveCfg = Release|Any CPU
		{A1B2C3D4-8888-8888-8888-000000000008}.Release|x86.Build.0 = Release|Any CPU
		{ECFBD238-49DE-4B7C-A81F-26B3FA973E5A}.Debug|Any CPU.ActiveCfg = Debug|Any CPU
		{ECFBD238-49DE-4B7C-A81F-26B3FA973E5A}.Debug|Any CPU.Build.0 = Debug|Any CPU
		{ECFBD238-49DE-4B7C-A81F-26B3FA973E5A}.Debug|x64.ActiveCfg = Debug|Any CPU
		{ECFBD238-49DE-4B7C-A81F-26B3FA973E5A}.Debug|x64.Build.0 = Debug|Any CPU
		{ECFBD238-49DE-4B7C-A81F-26B3FA973E5A}.Debug|x86.ActiveCfg = Debug|Any CPU
		{ECFBD238-49DE-4B7C-A81F-26B3FA973E5A}.Debug|x86.Build.0 = Debug|Any CPU
		{ECFBD238-49DE-4B7C-A81F-26B3FA973E5A}.Release|Any CPU.ActiveCfg = Release|Any CPU
		{ECFBD238-49DE-4B7C-A81F-26B3FA973E5A}.Release|Any CPU.Build.0 = Release|Any CPU
		{ECFBD238-49DE-4B7C-A81F-26B3FA973E5A}.Release|x64.ActiveCfg = Release|Any CPU
		{ECFBD238-49DE-4B7C-A81F-26B3FA973E5A}.Release|x64.Build.0 = Release|Any CPU
		{ECFBD238-49DE-4B7C-A81F-26B3FA973E5A}.Release|x86.ActiveCfg = Release|Any CPU
		{ECFBD238-49DE-4B7C-A81F-26B3FA973E5A}.Release|x86.Build.0 = Release|Any CPU
		{2324078D-4E82-41C9-829B-2758FD3503E6}.Debug|Any CPU.ActiveCfg = Debug|Any CPU
		{2324078D-4E82-41C9-829B-2758FD3503E6}.Debug|Any CPU.Build.0 = Debug|Any CPU
		{2324078D-4E82-41C9-829B-2758FD3503E6}.Debug|x64.ActiveCfg = Debug|Any CPU
		{2324078D-4E82-41C9-829B-2758FD3503E6}.Debug|x64.Build.0 = Debug|Any CPU
		{2324078D-4E82-41C9-829B-2758FD3503E6}.Debug|x86.ActiveCfg = Debug|Any CPU
		{2324078D-4E82-41C9-829B-2758FD3503E6}.Debug|x86.Build.0 = Debug|Any CPU
		{2324078D-4E82-41C9-829B-2758FD3503E6}.Release|Any CPU.ActiveCfg = Release|Any CPU
		{2324078D-4E82-41C9-829B-2758FD3503E6}.Release|Any CPU.Build.0 = Release|Any CPU
		{2324078D-4E82-41C9-829B-2758FD3503E6}.Release|x64.ActiveCfg = Release|Any CPU
		{2324078D-4E82-41C9-829B-2758FD3503E6}.Release|x64.Build.0 = Release|Any CPU
		{2324078D-4E82-41C9-829B-2758FD3503E6}.Release|x86.ActiveCfg = Release|Any CPU
		{2324078D-4E82-41C9-829B-2758FD3503E6}.Release|x86.Build.0 = Release|Any CPU
	EndGlobalSection
	GlobalSection(SolutionProperties) = preSolution
		HideSolutionNode = FALSE
	EndGlobalSection
	GlobalSection(NestedProjects) = preSolution
		{A1B2C3D4-1111-1111-1111-000000000001} = {E1E2E3E4-0001-0001-0001-000000000001}
		{A1B2C3D4-2222-2222-2222-000000000002} = {E1E2E3E4-0001-0001-0001-000000000001}
		{A1B2C3D4-3333-3333-3333-000000000003} = {E1E2E3E4-0001-0001-0001-000000000001}
		{A1B2C3D4-4444-4444-4444-000000000004} = {E1E2E3E4-0001-0001-0001-000000000001}
		{A1B2C3D4-9999-9999-9999-000000000009} = {E1E2E3E4-0001-0001-0001-000000000001}
		{A1B2C3D4-5555-5555-5555-000000000005} = {E1E2E3E4-0001-0001-0001-000000000001}
		{A1B2C3D4-6666-6666-6666-000000000006} = {E1E2E3E4-0002-0002-0002-000000000002}
		{A1B2C3D4-7777-7777-7777-000000000007} = {E1E2E3E4-0002-0002-0002-000000000002}
		{A1B2C3D4-8888-8888-8888-000000000008} = {E1E2E3E4-0002-0002-0002-000000000002}
		{ECFBD238-49DE-4B7C-A81F-26B3FA973E5A} = {E1E2E3E4-0001-0001-0001-000000000001}
		{2324078D-4E82-41C9-829B-2758FD3503E6} = {E1E2E3E4-0001-0001-0001-000000000001}
	EndGlobalSection
EndGlobal
